# THIS IS AN AUTOGENERATED FILE. DO NOT EDIT THIS FILE DIRECTLY.
# yarn lockfile v1


"@types/bson@*":
  version "4.0.2"
  resolved "https://registry.yarnpkg.com/@types/bson/-/bson-4.0.2.tgz#7accb85942fc39bbdb7515d4de437c04f698115f"
  integrity sha512-+uWmsejEHfmSjyyM/LkrP0orfE2m5Mx9Xel4tXNeqi1ldK5XMQcDsFkBmLDtuyKUbxj2jGDo0H240fbCRJZo7Q==
  dependencies:
    "@types/node" "*"

"@types/mongodb@*":
  version "3.5.27"
  resolved "https://registry.yarnpkg.com/@types/mongodb/-/mongodb-3.5.27.tgz#158a7a43ce25ef3592ac8a62e62ab38bebf661f2"
  integrity sha512-1jxKDgdfJEOO9zp+lv43p8jOqRs02xPrdUTzAZIVK9tVEySfCEmktL2jEu9A3wOBEOs18yKzpVIKUh8b8ALk3w==
  dependencies:
    "@types/bson" "*"
    "@types/node" "*"

"@types/mongoose@5.7.13":
  version "5.7.13"
  resolved "https://registry.yarnpkg.com/@types/mongoose/-/mongoose-5.7.13.tgz#fd7cf96d97ff4967795948c3960788ed4761e3f9"
  integrity sha512-FvjV3dd0bObDxYsq1oVH9T4Er/T8G14FHlFH3RZ0jByaDsekTBwcilMs1Ey6Gong75oqr06vkhzl2DFqjgKcIw==
  dependencies:
    "@types/mongodb" "*"
    "@types/node" "*"

"@types/node@*":
  version "14.11.2"
  resolved "https://registry.yarnpkg.com/@types/node/-/node-14.11.2.tgz#2de1ed6670439387da1c9f549a2ade2b0a799256"
  integrity sha512-jiE3QIxJ8JLNcb1Ps6rDbysDhN4xa8DJJvuC9prr6w+1tIh+QAbYyNF3tyiZNLDBIuBCf4KEcV2UvQm/V60xfA==

typescript@^3.7.5:
  version "3.9.7"
  resolved "https://registry.yarnpkg.com/typescript/-/typescript-3.9.7.tgz#98d600a5ebdc38f40cb277522f12dc800e9e25fa"
  integrity sha512-BLbiRkiBzAwsjut4x/dsibSTB6yWpwT5qWmC2OfuCg3GgVQCSgMs4vEctYPhsaGtd0AeuuHMkjZ2h2WG8MSzRw==
